
Microsoft Visual Studio Solution File, Format Version 12.00
# Visual Studio Version 17
VisualStudioVersion = 17.3.32804.467
MinimumVisualStudioVersion = 10.0.40219.1
Project("{9A19103F-16F7-4668-BE54-9A1E7A4F7556}") = "SingeltonPattern", "SingeltonPattern\SingeltonPattern.csproj", "{DF307942-5FEE-499B-A95C-7F6638AFD6EC}"
EndProject
Project("{2150E333-8FDC-42A3-9474-1A3956D46DE8}") = "Creational Patterns", "Creational Patterns", "{4DB9783E-FA2A-4233-8B57-21FD54A07CA4}"
EndProject
Project("{2150E333-8FDC-42A3-9474-1A3956D46DE8}") = "AdapterPattern", "AdapterPattern", "{55998EED-B534-4087-93AB-85529A963892}"
EndProject
Project("{9A19103F-16F7-4668-BE54-9A1E7A4F7556}") = "PayRollSystem", "PayRollSystem\PayRollSystem.csproj", "{39B1A6FD-BD31-4E6D-BFAD-6A915D50294A}"
EndProject
Project("{9A19103F-16F7-4668-BE54-9A1E7A4F7556}") = "AdapterPattern", "AdapterPattern\AdapterPattern.csproj", "{7EC139DB-A639-4CFA-8164-559B3988E610}"
EndProject
Project("{2150E333-8FDC-42A3-9474-1A3956D46DE8}") = "Behavioral Patterns", "Behavioral Patterns", "{6D8049A2-2729-47C9-B53C-7ABF20A941CB}"
EndProject
Project("{9A19103F-16F7-4668-BE54-9A1E7A4F7556}") = "StrategyPattern", "StrategyPattern\StrategyPattern.csproj", "{B9ED5373-2264-48F9-97C1-EB30FA92ED36}"
EndProject
Project("{9A19103F-16F7-4668-BE54-9A1E7A4F7556}") = "SimpleFactoryPattern", "SimpleFactoryPattern\SimpleFactoryPattern.csproj", "{31317175-B208-4AC1-9243-0F8C92EA5C6B}"
EndProject
Project("{9A19103F-16F7-4668-BE54-9A1E7A4F7556}") = "NULLObjectPattern", "NULLObjectPattern\NULLObjectPattern.csproj", "{FAE7D7DB-FF4F-4213-82A3-D8D341B2D98C}"
EndProject
Project("{9A19103F-16F7-4668-BE54-9A1E7A4F7556}") = "TemplateMethodPattern", "TemplateMethodPattern\TemplateMethodPattern.csproj", "{F917A0A8-A6FB-48FC-955A-4B87556666D4}"
EndProject
Project("{2150E333-8FDC-42A3-9474-1A3956D46DE8}") = "FactoryMethodPattern", "FactoryMethodPattern", "{233323D6-9857-41B2-BACE-82470D84D2C7}"
EndProject
Project("{FAE04EC0-301F-11D3-BF4B-00C04F79EFBC}") = "SalesSystem", "SalesSystem\SalesSystem.csproj", "{7D494309-3945-4C6E-A2E8-51838B613519}"
EndProject
Project("{FAE04EC0-301F-11D3-BF4B-00C04F79EFBC}") = "Sales.PaymentMethods.Abstraction", "Sales.PaymentMethods.Abstraction\Sales.PaymentMethods.Abstraction.csproj", "{72B09D03-3C2E-4640-8EEA-015D6EB69693}"
EndProject
Global
	GlobalSection(SolutionConfigurationPlatforms) = preSolution
		Debug|Any CPU = Debug|Any CPU
		Release|Any CPU = Release|Any CPU
	EndGlobalSection
	GlobalSection(ProjectConfigurationPlatforms) = postSolution
		{DF307942-5FEE-499B-A95C-7F6638AFD6EC}.Debug|Any CPU.ActiveCfg = Debug|Any CPU
		{DF307942-5FEE-499B-A95C-7F6638AFD6EC}.Debug|Any CPU.Build.0 = Debug|Any CPU
		{DF307942-5FEE-499B-A95C-7F6638AFD6EC}.Release|Any CPU.ActiveCfg = Release|Any CPU
		{DF307942-5FEE-499B-A95C-7F6638AFD6EC}.Release|Any CPU.Build.0 = Release|Any CPU
		{39B1A6FD-BD31-4E6D-BFAD-6A915D50294A}.Debug|Any CPU.ActiveCfg = Debug|Any CPU
		{39B1A6FD-BD31-4E6D-BFAD-6A915D50294A}.Debug|Any CPU.Build.0 = Debug|Any CPU
		{39B1A6FD-BD31-4E6D-BFAD-6A915D50294A}.Release|Any CPU.ActiveCfg = Release|Any CPU
		{39B1A6FD-BD31-4E6D-BFAD-6A915D50294A}.Release|Any CPU.Build.0 = Release|Any CPU
		{7EC139DB-A639-4CFA-8164-559B3988E610}.Debug|Any CPU.ActiveCfg = Debug|Any CPU
		{7EC139DB-A639-4CFA-8164-559B3988E610}.Debug|Any CPU.Build.0 = Debug|Any CPU
		{7EC139DB-A639-4CFA-8164-559B3988E610}.Release|Any CPU.ActiveCfg = Release|Any CPU
		{7EC139DB-A639-4CFA-8164-559B3988E610}.Release|Any CPU.Build.0 = Release|Any CPU
		{B9ED5373-2264-48F9-97C1-EB30FA92ED36}.Debug|Any CPU.ActiveCfg = Debug|Any CPU
		{B9ED5373-2264-48F9-97C1-EB30FA92ED36}.Debug|Any CPU.Build.0 = Debug|Any CPU
		{B9ED5373-2264-48F9-97C1-EB30FA92ED36}.Release|Any CPU.ActiveCfg = Release|Any CPU
		{B9ED5373-2264-48F9-97C1-EB30FA92ED36}.Release|Any CPU.Build.0 = Release|Any CPU
		{31317175-B208-4AC1-9243-0F8C92EA5C6B}.Debug|Any CPU.ActiveCfg = Debug|Any CPU
		{31317175-B208-4AC1-9243-0F8C92EA5C6B}.Debug|Any CPU.Build.0 = Debug|Any CPU
		{31317175-B208-4AC1-9243-0F8C92EA5C6B}.Release|Any CPU.ActiveCfg = Release|Any CPU
		{31317175-B208-4AC1-9243-0F8C92EA5C6B}.Release|Any CPU.Build.0 = Release|Any CPU
		{FAE7D7DB-FF4F-4213-82A3-D8D341B2D98C}.Debug|Any CPU.ActiveCfg = Debug|Any CPU
		{FAE7D7DB-FF4F-4213-82A3-D8D341B2D98C}.Debug|Any CPU.Build.0 = Debug|Any CPU
		{FAE7D7DB-FF4F-4213-82A3-D8D341B2D98C}.Release|Any CPU.ActiveCfg = Release|Any CPU
		{FAE7D7DB-FF4F-4213-82A3-D8D341B2D98C}.Release|Any CPU.Build.0 = Release|Any CPU
		{F917A0A8-A6FB-48FC-955A-4B87556666D4}.Debug|Any CPU.ActiveCfg = Debug|Any CPU
		{F917A0A8-A6FB-48FC-955A-4B87556666D4}.Debug|Any CPU.Build.0 = Debug|Any CPU
		{F917A0A8-A6FB-48FC-955A-4B87556666D4}.Release|Any CPU.ActiveCfg = Release|Any CPU
		{F917A0A8-A6FB-48FC-955A-4B87556666D4}.Release|Any CPU.Build.0 = Release|Any CPU
		{7D494309-3945-4C6E-A2E8-51838B613519}.Debug|Any CPU.ActiveCfg = Debug|Any CPU
		{7D494309-3945-4C6E-A2E8-51838B613519}.Debug|Any CPU.Build.0 = Debug|Any CPU
		{7D494309-3945-4C6E-A2E8-51838B613519}.Release|Any CPU.ActiveCfg = Release|Any CPU
		{7D494309-3945-4C6E-A2E8-51838B613519}.Release|Any CPU.Build.0 = Release|Any CPU
		{72B09D03-3C2E-4640-8EEA-015D6EB69693}.Debug|Any CPU.ActiveCfg = Debug|Any CPU
		{72B09D03-3C2E-4640-8EEA-015D6EB69693}.Debug|Any CPU.Build.0 = Debug|Any CPU
		{72B09D03-3C2E-4640-8EEA-015D6EB69693}.Release|Any CPU.ActiveCfg = Release|Any CPU
		{72B09D03-3C2E-4640-8EEA-015D6EB69693}.Release|Any CPU.Build.0 = Release|Any CPU
	EndGlobalSection
	GlobalSection(SolutionProperties) = preSolution
		HideSolutionNode = FALSE
	EndGlobalSection
	GlobalSection(NestedProjects) = preSolution
		{DF307942-5FEE-499B-A95C-7F6638AFD6EC} = {4DB9783E-FA2A-4233-8B57-21FD54A07CA4}
		{55998EED-B534-4087-93AB-85529A963892} = {4DB9783E-FA2A-4233-8B57-21FD54A07CA4}
		{39B1A6FD-BD31-4E6D-BFAD-6A915D50294A} = {55998EED-B534-4087-93AB-85529A963892}
		{7EC139DB-A639-4CFA-8164-559B3988E610} = {55998EED-B534-4087-93AB-85529A963892}
		{B9ED5373-2264-48F9-97C1-EB30FA92ED36} = {6D8049A2-2729-47C9-B53C-7ABF20A941CB}
		{31317175-B208-4AC1-9243-0F8C92EA5C6B} = {4DB9783E-FA2A-4233-8B57-21FD54A07CA4}
		{FAE7D7DB-FF4F-4213-82A3-D8D341B2D98C} = {6D8049A2-2729-47C9-B53C-7ABF20A941CB}
		{F917A0A8-A6FB-48FC-955A-4B87556666D4} = {6D8049A2-2729-47C9-B53C-7ABF20A941CB}
		{233323D6-9857-41B2-BACE-82470D84D2C7} = {4DB9783E-FA2A-4233-8B57-21FD54A07CA4}
		{7D494309-3945-4C6E-A2E8-51838B613519} = {233323D6-9857-41B2-BACE-82470D84D2C7}
		{72B09D03-3C2E-4640-8EEA-015D6EB69693} = {233323D6-9857-41B2-BACE-82470D84D2C7}
	EndGlobalSection
	GlobalSection(ExtensibilityGlobals) = postSolution
		SolutionGuid = {9DE45BC1-4061-4FB4-B6B9-26B3F15C9F88}
	EndGlobalSection
EndGlobal
